
Microsoft Visual Studio Solution File, Format Version 12.00
# Visual Studio 15
VisualStudioVersion = 15.0.28307.329
MinimumVisualStudioVersion = 10.0.40219.1
Project("{FAE04EC0-301F-11D3-BF4B-00C04F79EFBC}") = "Task 1", "Task 1\Task 1.csproj", "{3F310C0C-F102-4846-8785-81B16639EF48}"
EndProject
Global
	GlobalSection(SolutionConfigurationPlatforms) = preSolution
		Debug|Any CPU = Debug|Any CPU
		Release|Any CPU = Release|Any CPU
	EndGlobalSection
	GlobalSection(ProjectConfigurationPlatforms) = postSolution
		{3F310C0C-F102-4846-8785-81B16639EF48}.Debug|Any CPU.ActiveCfg = Debug|Any CPU
		{3F310C0C-F102-4846-8785-81B16639EF48}.Debug|Any CPU.Build.0 = Debug|Any CPU
		{3F310C0C-F102-4846-8785-81B16639EF48}.Release|Any CPU.ActiveCfg = Release|Any CPU
		{3F310C0C-F102-4846-8785-81B16639EF48}.Release|Any CPU.Build.0 = Release|Any CPU
	EndGlobalSection
	GlobalSection(SolutionProperties) = preSolution
		HideSolutionNode = FALSE
	EndGlobalSection
	GlobalSection(ExtensibilityGlobals) = postSolution
		SolutionGuid = {03C8072F-3A7B-48E2-A1FE-4C05B7FD7307}
	EndGlobalSection
EndGlobal
